
Microsoft Visual Studio Solution File, Format Version 12.00
# Visual Studio Version 16
VisualStudioVersion = 16.0.31829.152
MinimumVisualStudioVersion = 10.0.40219.1
Project("{9A19103F-16F7-4668-BE54-9A1E7A4F7556}") = "WebApi.DevOps", "WebApi.DevOps\WebApi.DevOps.csproj", "{5F5221B1-62CB-4235-BB19-B34E0D912500}"
EndProject
Project("{9A19103F-16F7-4668-BE54-9A1E7A4F7556}") = "WebApi.DevOps.Test", "WebApi.DevOps.Test\WebApi.DevOps.Test.csproj", "{B104CB95-9BA9-4B8F-B2E0-AC29C83BC40D}"
EndProject
Global
	GlobalSection(SolutionConfigurationPlatforms) = preSolution
		Debug|Any CPU = Debug|Any CPU
		Release|Any CPU = Release|Any CPU
	EndGlobalSection
	GlobalSection(ProjectConfigurationPlatforms) = postSolution
		{5F5221B1-62CB-4235-BB19-B34E0D912500}.Debug|Any CPU.ActiveCfg = Debug|Any CPU
		{5F5221B1-62CB-4235-BB19-B34E0D912500}.Debug|Any CPU.Build.0 = Debug|Any CPU
		{5F5221B1-62CB-4235-BB19-B34E0D912500}.Release|Any CPU.ActiveCfg = Release|Any CPU
		{5F5221B1-62CB-4235-BB19-B34E0D912500}.Release|Any CPU.Build.0 = Release|Any CPU
		{B104CB95-9BA9-4B8F-B2E0-AC29C83BC40D}.Debug|Any CPU.ActiveCfg = Debug|Any CPU
		{B104CB95-9BA9-4B8F-B2E0-AC29C83BC40D}.Debug|Any CPU.Build.0 = Debug|Any CPU
		{B104CB95-9BA9-4B8F-B2E0-AC29C83BC40D}.Release|Any CPU.ActiveCfg = Release|Any CPU
		{B104CB95-9BA9-4B8F-B2E0-AC29C83BC40D}.Release|Any CPU.Build.0 = Release|Any CPU
	EndGlobalSection
	GlobalSection(SolutionProperties) = preSolution
		HideSolutionNode = FALSE
	EndGlobalSection
	GlobalSection(ExtensibilityGlobals) = postSolution
		SolutionGuid = {4D4204E5-940D-4CE6-ADA2-F45500884242}
	EndGlobalSection
EndGlobal
